
Microsoft Visual Studio Solution File, Format Version 12.00
# Visual Studio Version 17
VisualStudioVersion = 17.14.36717.8
MinimumVisualStudioVersion = 10.0.40219.1
Project("{FAE04EC0-301F-11D3-BF4B-00C04F79EFBC}") = "Hospital.Domain", "Hospital.Domain\Hospital.Domain.csproj", "{FA0DC195-997D-4312-944C-C5AC1AEB6FF0}"
EndProject
Project("{FAE04EC0-301F-11D3-BF4B-00C04F79EFBC}") = "Hospital.Tests", "Hospital.Tests\Hospital.Tests.csproj", "{56F579BF-DC82-4055-A570-4DAA87877905}"
EndProject
Project("{FAE04EC0-301F-11D3-BF4B-00C04F79EFBC}") = "Hospital.Infrastructure.EfCore", "Hospital.Infrastructure.EfCore\Hospital.Infrastructure.EfCore.csproj", "{25F809F5-184B-435A-AE17-1D819325D4B6}"
EndProject
Project("{FAE04EC0-301F-11D3-BF4B-00C04F79EFBC}") = "Hospital.Application.Contracts", "Hospital.Application.Contracts\Hospital.Application.Contracts.csproj", "{66B379BB-1FE7-492F-95B4-BFE816AAE98C}"
EndProject
Project("{FAE04EC0-301F-11D3-BF4B-00C04F79EFBC}") = "Hospital.Domain.Shared", "Hospital.Domain.Shared\Hospital.Domain.Shared.csproj", "{D0C09C3D-DD18-4A3C-BDE9-178FF42C4E80}"
EndProject
Project("{FAE04EC0-301F-11D3-BF4B-00C04F79EFBC}") = "Hospital.Application", "Hospital.Application\Hospital.Application.csproj", "{CE2D4428-3B67-4280-B03F-970412CA5761}"
EndProject
Project("{FAE04EC0-301F-11D3-BF4B-00C04F79EFBC}") = "Hospital.Api.Host", "Hospital.Api.Host\Hospital.Api.Host.csproj", "{51E8A672-BFCC-3A23-3F37-394EA8FABFFF}"
EndProject
Project("{FAE04EC0-301F-11D3-BF4B-00C04F79EFBC}") = "Hospital.AppHost", "Hospital.AppHost\Hospital.AppHost.csproj", "{3DBC40DC-D145-48F2-A812-3A2B612AEE84}"
EndProject
Project("{FAE04EC0-301F-11D3-BF4B-00C04F79EFBC}") = "Hospital.ServiceDefaults", "Hospital.ServiceDefaults\Hospital.ServiceDefaults.csproj", "{02EA8A8F-919E-94A9-23FF-E7C7B1CBA365}"
EndProject
Project("{FAE04EC0-301F-11D3-BF4B-00C04F79EFBC}") = "Hospital.Infrastructure.Kafka", "Hospital.Infrastructure.Kafka\Hospital.Infrastructure.Kafka.csproj", "{091364DE-260D-41FC-9269-4694F6DAE1A8}"
EndProject
Project("{FAE04EC0-301F-11D3-BF4B-00C04F79EFBC}") = "Hospital.Generator.Kafka.Host", "Hospital.Generator.Kafka.Host\Hospital.Generator.Kafka.Host.csproj", "{CC15A90E-AFF9-0D6C-464B-82932A1AA5D6}"
EndProject
Global
	GlobalSection(SolutionConfigurationPlatforms) = preSolution
		Debug|Any CPU = Debug|Any CPU
		Release|Any CPU = Release|Any CPU
	EndGlobalSection
	GlobalSection(ProjectConfigurationPlatforms) = postSolution
		{FA0DC195-997D-4312-944C-C5AC1AEB6FF0}.Debug|Any CPU.ActiveCfg = Debug|Any CPU
		{FA0DC195-997D-4312-944C-C5AC1AEB6FF0}.Debug|Any CPU.Build.0 = Debug|Any CPU
		{FA0DC195-997D-4312-944C-C5AC1AEB6FF0}.Release|Any CPU.ActiveCfg = Release|Any CPU
		{FA0DC195-997D-4312-944C-C5AC1AEB6FF0}.Release|Any CPU.Build.0 = Release|Any CPU
		{56F579BF-DC82-4055-A570-4DAA87877905}.Debug|Any CPU.ActiveCfg = Debug|Any CPU
		{56F579BF-DC82-4055-A570-4DAA87877905}.Debug|Any CPU.Build.0 = Debug|Any CPU
		{56F579BF-DC82-4055-A570-4DAA87877905}.Release|Any CPU.ActiveCfg = Release|Any CPU
		{56F579BF-DC82-4055-A570-4DAA87877905}.Release|Any CPU.Build.0 = Release|Any CPU
		{25F809F5-184B-435A-AE17-1D819325D4B6}.Debug|Any CPU.ActiveCfg = Debug|Any CPU
		{25F809F5-184B-435A-AE17-1D819325D4B6}.Debug|Any CPU.Build.0 = Debug|Any CPU
		{25F809F5-184B-435A-AE17-1D819325D4B6}.Release|Any CPU.ActiveCfg = Release|Any CPU
		{25F809F5-184B-435A-AE17-1D819325D4B6}.Release|Any CPU.Build.0 = Release|Any CPU
		{66B379BB-1FE7-492F-95B4-BFE816AAE98C}.Debug|Any CPU.ActiveCfg = Debug|Any CPU
		{66B379BB-1FE7-492F-95B4-BFE816AAE98C}.Debug|Any CPU.Build.0 = Debug|Any CPU
		{66B379BB-1FE7-492F-95B4-BFE816AAE98C}.Release|Any CPU.ActiveCfg = Release|Any CPU
		{66B379BB-1FE7-492F-95B4-BFE816AAE98C}.Release|Any CPU.Build.0 = Release|Any CPU
		{D0C09C3D-DD18-4A3C-BDE9-178FF42C4E80}.Debug|Any CPU.ActiveCfg = Debug|Any CPU
		{D0C09C3D-DD18-4A3C-BDE9-178FF42C4E80}.Debug|Any CPU.Build.0 = Debug|Any CPU
		{D0C09C3D-DD18-4A3C-BDE9-178FF42C4E80}.Release|Any CPU.ActiveCfg = Release|Any CPU
		{D0C09C3D-DD18-4A3C-BDE9-178FF42C4E80}.Release|Any CPU.Build.0 = Release|Any CPU
		{CE2D4428-3B67-4280-B03F-970412CA5761}.Debug|Any CPU.ActiveCfg = Debug|Any CPU
		{CE2D4428-3B67-4280-B03F-970412CA5761}.Debug|Any CPU.Build.0 = Debug|Any CPU
		{CE2D4428-3B67-4280-B03F-970412CA5761}.Release|Any CPU.ActiveCfg = Release|Any CPU
		{CE2D4428-3B67-4280-B03F-970412CA5761}.Release|Any CPU.Build.0 = Release|Any CPU
		{51E8A672-BFCC-3A23-3F37-394EA8FABFFF}.Debug|Any CPU.ActiveCfg = Debug|Any CPU
		{51E8A672-BFCC-3A23-3F37-394EA8FABFFF}.Debug|Any CPU.Build.0 = Debug|Any CPU
		{51E8A672-BFCC-3A23-3F37-394EA8FABFFF}.Release|Any CPU.ActiveCfg = Release|Any CPU
		{51E8A672-BFCC-3A23-3F37-394EA8FABFFF}.Release|Any CPU.Build.0 = Release|Any CPU
		{3DBC40DC-D145-48F2-A812-3A2B612AEE84}.Debug|Any CPU.ActiveCfg = Debug|Any CPU
		{3DBC40DC-D145-48F2-A812-3A2B612AEE84}.Debug|Any CPU.Build.0 = Debug|Any CPU
		{3DBC40DC-D145-48F2-A812-3A2B612AEE84}.Release|Any CPU.ActiveCfg = Release|Any CPU
		{3DBC40DC-D145-48F2-A812-3A2B612AEE84}.Release|Any CPU.Build.0 = Release|Any CPU
		{02EA8A8F-919E-94A9-23FF-E7C7B1CBA365}.Debug|Any CPU.ActiveCfg = Debug|Any CPU
		{02EA8A8F-919E-94A9-23FF-E7C7B1CBA365}.Debug|Any CPU.Build.0 = Debug|Any CPU
		{02EA8A8F-919E-94A9-23FF-E7C7B1CBA365}.Release|Any CPU.ActiveCfg = Release|Any CPU
		{02EA8A8F-919E-94A9-23FF-E7C7B1CBA365}.Release|Any CPU.Build.0 = Release|Any CPU
		{091364DE-260D-41FC-9269-4694F6DAE1A8}.Debug|Any CPU.ActiveCfg = Debug|Any CPU
		{091364DE-260D-41FC-9269-4694F6DAE1A8}.Debug|Any CPU.Build.0 = Debug|Any CPU
		{091364DE-260D-41FC-9269-4694F6DAE1A8}.Release|Any CPU.ActiveCfg = Release|Any CPU
		{091364DE-260D-41FC-9269-4694F6DAE1A8}.Release|Any CPU.Build.0 = Release|Any CPU
		{CC15A90E-AFF9-0D6C-464B-82932A1AA5D6}.Debug|Any CPU.ActiveCfg = Debug|Any CPU
		{CC15A90E-AFF9-0D6C-464B-82932A1AA5D6}.Debug|Any CPU.Build.0 = Debug|Any CPU
		{CC15A90E-AFF9-0D6C-464B-82932A1AA5D6}.Release|Any CPU.ActiveCfg = Release|Any CPU
		{CC15A90E-AFF9-0D6C-464B-82932A1AA5D6}.Release|Any CPU.Build.0 = Release|Any CPU
	EndGlobalSection
	GlobalSection(SolutionProperties) = preSolution
		HideSolutionNode = FALSE
	EndGlobalSection
	GlobalSection(ExtensibilityGlobals) = postSolution
		SolutionGuid = {C589F9DC-26D7-4EE9-AAC0-6CFB20DC06F9}
	EndGlobalSection
EndGlobal
